
Microsoft Visual Studio Solution File, Format Version 12.00
# Visual Studio Version 17
VisualStudioVersion = 17.11.35222.181
MinimumVisualStudioVersion = 10.0.40219.1
Project("{FAE04EC0-301F-11D3-BF4B-00C04F79EFBC}") = "HashSET", "HashSET\HashSET.csproj", "{A6B257CC-2473-41BE-93ED-589911A01E3A}"
EndProject
Global
	GlobalSection(SolutionConfigurationPlatforms) = preSolution
		Debug|Any CPU = Debug|Any CPU
		Release|Any CPU = Release|Any CPU
	EndGlobalSection
	GlobalSection(ProjectConfigurationPlatforms) = postSolution
		{A6B257CC-2473-41BE-93ED-589911A01E3A}.Debug|Any CPU.ActiveCfg = Debug|Any CPU
		{A6B257CC-2473-41BE-93ED-589911A01E3A}.Debug|Any CPU.Build.0 = Debug|Any CPU
		{A6B257CC-2473-41BE-93ED-589911A01E3A}.Release|Any CPU.ActiveCfg = Release|Any CPU
		{A6B257CC-2473-41BE-93ED-589911A01E3A}.Release|Any CPU.Build.0 = Release|Any CPU
	EndGlobalSection
	GlobalSection(SolutionProperties) = preSolution
		HideSolutionNode = FALSE
	EndGlobalSection
	GlobalSection(ExtensibilityGlobals) = postSolution
		SolutionGuid = {1C1F8F7B-EC6A-4831-BC66-608535C468BE}
	EndGlobalSection
EndGlobal
