
Microsoft Visual Studio Solution File, Format Version 12.00
# Visual Studio Version 17
VisualStudioVersion = 17.11.35222.181
MinimumVisualStudioVersion = 10.0.40219.1
Project("{FAE04EC0-301F-11D3-BF4B-00C04F79EFBC}") = "Nullable", "Nullable\Nullable.csproj", "{D64D2316-4780-4A88-ACD3-93E00A4E909A}"
EndProject
Global
	GlobalSection(SolutionConfigurationPlatforms) = preSolution
		Debug|Any CPU = Debug|Any CPU
		Release|Any CPU = Release|Any CPU
	EndGlobalSection
	GlobalSection(ProjectConfigurationPlatforms) = postSolution
		{D64D2316-4780-4A88-ACD3-93E00A4E909A}.Debug|Any CPU.ActiveCfg = Debug|Any CPU
		{D64D2316-4780-4A88-ACD3-93E00A4E909A}.Debug|Any CPU.Build.0 = Debug|Any CPU
		{D64D2316-4780-4A88-ACD3-93E00A4E909A}.Release|Any CPU.ActiveCfg = Release|Any CPU
		{D64D2316-4780-4A88-ACD3-93E00A4E909A}.Release|Any CPU.Build.0 = Release|Any CPU
	EndGlobalSection
	GlobalSection(SolutionProperties) = preSolution
		HideSolutionNode = FALSE
	EndGlobalSection
	GlobalSection(ExtensibilityGlobals) = postSolution
		SolutionGuid = {A9DBC1BC-2A8B-48E0-A63D-E16352AED5A3}
	EndGlobalSection
EndGlobal
