
Microsoft Visual Studio Solution File, Format Version 12.00
# Visual Studio Version 17
VisualStudioVersion = 17.11.35222.181
MinimumVisualStudioVersion = 10.0.40219.1
Project("{FAE04EC0-301F-11D3-BF4B-00C04F79EFBC}") = "SortedList", "SortedList\SortedList.csproj", "{70ED39DC-DE8D-43E6-875F-CE2160E181D5}"
EndProject
Global
	GlobalSection(SolutionConfigurationPlatforms) = preSolution
		Debug|Any CPU = Debug|Any CPU
		Release|Any CPU = Release|Any CPU
	EndGlobalSection
	GlobalSection(ProjectConfigurationPlatforms) = postSolution
		{70ED39DC-DE8D-43E6-875F-CE2160E181D5}.Debug|Any CPU.ActiveCfg = Debug|Any CPU
		{70ED39DC-DE8D-43E6-875F-CE2160E181D5}.Debug|Any CPU.Build.0 = Debug|Any CPU
		{70ED39DC-DE8D-43E6-875F-CE2160E181D5}.Release|Any CPU.ActiveCfg = Release|Any CPU
		{70ED39DC-DE8D-43E6-875F-CE2160E181D5}.Release|Any CPU.Build.0 = Release|Any CPU
	EndGlobalSection
	GlobalSection(SolutionProperties) = preSolution
		HideSolutionNode = FALSE
	EndGlobalSection
	GlobalSection(ExtensibilityGlobals) = postSolution
		SolutionGuid = {0FDED3F4-7BFE-43D1-A615-03C0D2FE6665}
	EndGlobalSection
EndGlobal
