
Microsoft Visual Studio Solution File, Format Version 12.00
# Visual Studio Version 17
VisualStudioVersion = 17.11.35222.181
MinimumVisualStudioVersion = 10.0.40219.1
Project("{FAE04EC0-301F-11D3-BF4B-00C04F79EFBC}") = "ArrayList", "ArrayList\ArrayList.csproj", "{B3351D40-1ECE-42F1-BAAD-226D76637D66}"
EndProject
Global
	GlobalSection(SolutionConfigurationPlatforms) = preSolution
		Debug|Any CPU = Debug|Any CPU
		Release|Any CPU = Release|Any CPU
	EndGlobalSection
	GlobalSection(ProjectConfigurationPlatforms) = postSolution
		{B3351D40-1ECE-42F1-BAAD-226D76637D66}.Debug|Any CPU.ActiveCfg = Debug|Any CPU
		{B3351D40-1ECE-42F1-BAAD-226D76637D66}.Debug|Any CPU.Build.0 = Debug|Any CPU
		{B3351D40-1ECE-42F1-BAAD-226D76637D66}.Release|Any CPU.ActiveCfg = Release|Any CPU
		{B3351D40-1ECE-42F1-BAAD-226D76637D66}.Release|Any CPU.Build.0 = Release|Any CPU
	EndGlobalSection
	GlobalSection(SolutionProperties) = preSolution
		HideSolutionNode = FALSE
	EndGlobalSection
	GlobalSection(ExtensibilityGlobals) = postSolution
		SolutionGuid = {847F062B-5F2A-4BF1-9A33-DAAC22374A87}
	EndGlobalSection
EndGlobal
