
Microsoft Visual Studio Solution File, Format Version 12.00
# Visual Studio Version 17
VisualStudioVersion = 17.11.35222.181
MinimumVisualStudioVersion = 10.0.40219.1
Project("{FAE04EC0-301F-11D3-BF4B-00C04F79EFBC}") = "Queue", "Queue\Queue.csproj", "{2B0DD16E-30B3-422E-8752-17AEF01A05AB}"
EndProject
Global
	GlobalSection(SolutionConfigurationPlatforms) = preSolution
		Debug|Any CPU = Debug|Any CPU
		Release|Any CPU = Release|Any CPU
	EndGlobalSection
	GlobalSection(ProjectConfigurationPlatforms) = postSolution
		{2B0DD16E-30B3-422E-8752-17AEF01A05AB}.Debug|Any CPU.ActiveCfg = Debug|Any CPU
		{2B0DD16E-30B3-422E-8752-17AEF01A05AB}.Debug|Any CPU.Build.0 = Debug|Any CPU
		{2B0DD16E-30B3-422E-8752-17AEF01A05AB}.Release|Any CPU.ActiveCfg = Release|Any CPU
		{2B0DD16E-30B3-422E-8752-17AEF01A05AB}.Release|Any CPU.Build.0 = Release|Any CPU
	EndGlobalSection
	GlobalSection(SolutionProperties) = preSolution
		HideSolutionNode = FALSE
	EndGlobalSection
	GlobalSection(ExtensibilityGlobals) = postSolution
		SolutionGuid = {F2F30520-F777-4DC7-8991-4652746C06D5}
	EndGlobalSection
EndGlobal
