
Microsoft Visual Studio Solution File, Format Version 12.00
# Visual Studio Version 17
VisualStudioVersion = 17.11.35222.181
MinimumVisualStudioVersion = 10.0.40219.1
Project("{FAE04EC0-301F-11D3-BF4B-00C04F79EFBC}") = "Day -3", "Day -3\Day -3.csproj", "{6AD1708B-664F-498B-B895-DBA1159199DC}"
EndProject
Global
	GlobalSection(SolutionConfigurationPlatforms) = preSolution
		Debug|Any CPU = Debug|Any CPU
		Release|Any CPU = Release|Any CPU
	EndGlobalSection
	GlobalSection(ProjectConfigurationPlatforms) = postSolution
		{6AD1708B-664F-498B-B895-DBA1159199DC}.Debug|Any CPU.ActiveCfg = Debug|Any CPU
		{6AD1708B-664F-498B-B895-DBA1159199DC}.Debug|Any CPU.Build.0 = Debug|Any CPU
		{6AD1708B-664F-498B-B895-DBA1159199DC}.Release|Any CPU.ActiveCfg = Release|Any CPU
		{6AD1708B-664F-498B-B895-DBA1159199DC}.Release|Any CPU.Build.0 = Release|Any CPU
	EndGlobalSection
	GlobalSection(SolutionProperties) = preSolution
		HideSolutionNode = FALSE
	EndGlobalSection
	GlobalSection(ExtensibilityGlobals) = postSolution
		SolutionGuid = {05607C24-54F8-4EBD-B9C3-E20838731C63}
	EndGlobalSection
EndGlobal
